
Microsoft Visual Studio Solution File, Format Version 12.00
# Visual Studio Version 16
VisualStudioVersion = 16.0.29201.188
MinimumVisualStudioVersion = 10.0.40219.1
Project("{FAE04EC0-301F-11D3-BF4B-00C04F79EFBC}") = "PrototypeDemo", "PrototypeDemo\PrototypeDemo.csproj", "{CC16A5D0-8DF4-4411-B265-7356E36A8878}"
EndProject
Global
	GlobalSection(SolutionConfigurationPlatforms) = preSolution
		Debug|Any CPU = Debug|Any CPU
		Release|Any CPU = Release|Any CPU
	EndGlobalSection
	GlobalSection(ProjectConfigurationPlatforms) = postSolution
		{CC16A5D0-8DF4-4411-B265-7356E36A8878}.Debug|Any CPU.ActiveCfg = Debug|Any CPU
		{CC16A5D0-8DF4-4411-B265-7356E36A8878}.Debug|Any CPU.Build.0 = Debug|Any CPU
		{CC16A5D0-8DF4-4411-B265-7356E36A8878}.Release|Any CPU.ActiveCfg = Release|Any CPU
		{CC16A5D0-8DF4-4411-B265-7356E36A8878}.Release|Any CPU.Build.0 = Release|Any CPU
	EndGlobalSection
	GlobalSection(SolutionProperties) = preSolution
		HideSolutionNode = FALSE
	EndGlobalSection
	GlobalSection(ExtensibilityGlobals) = postSolution
		SolutionGuid = {6568F3BD-879D-4EB7-B8E8-5C968B3EDC44}
	EndGlobalSection
EndGlobal
