
Microsoft Visual Studio Solution File, Format Version 12.00
# Visual Studio Version 16
VisualStudioVersion = 16.0.29201.188
MinimumVisualStudioVersion = 10.0.40219.1
Project("{FAE04EC0-301F-11D3-BF4B-00C04F79EFBC}") = "browse", "browse\browse.csproj", "{95145A40-08CA-4138-8C8E-F65669B90B20}"
EndProject
Global
	GlobalSection(SolutionConfigurationPlatforms) = preSolution
		Debug|Any CPU = Debug|Any CPU
		Release|Any CPU = Release|Any CPU
	EndGlobalSection
	GlobalSection(ProjectConfigurationPlatforms) = postSolution
		{95145A40-08CA-4138-8C8E-F65669B90B20}.Debug|Any CPU.ActiveCfg = Debug|Any CPU
		{95145A40-08CA-4138-8C8E-F65669B90B20}.Debug|Any CPU.Build.0 = Debug|Any CPU
		{95145A40-08CA-4138-8C8E-F65669B90B20}.Release|Any CPU.ActiveCfg = Release|Any CPU
		{95145A40-08CA-4138-8C8E-F65669B90B20}.Release|Any CPU.Build.0 = Release|Any CPU
	EndGlobalSection
	GlobalSection(SolutionProperties) = preSolution
		HideSolutionNode = FALSE
	EndGlobalSection
	GlobalSection(ExtensibilityGlobals) = postSolution
		SolutionGuid = {724191D9-B57F-4925-8E13-71F172128413}
	EndGlobalSection
EndGlobal
